
Microsoft Visual Studio Solution File, Format Version 12.00
# Visual Studio Version 17
VisualStudioVersion = 17.14.36414.22 d17.14
MinimumVisualStudioVersion = 10.0.40219.1
Project("{FAE04EC0-301F-11D3-BF4B-00C04F79EFBC}") = "ApiErgoFit", "ApiErgoFit\ApiErgoFit.csproj", "{44230713-3F72-4DD9-AF39-629416F81DD2}"
EndProject
Global
	GlobalSection(SolutionConfigurationPlatforms) = preSolution
		Debug|Any CPU = Debug|Any CPU
		Release|Any CPU = Release|Any CPU
	EndGlobalSection
	GlobalSection(ProjectConfigurationPlatforms) = postSolution
		{44230713-3F72-4DD9-AF39-629416F81DD2}.Debug|Any CPU.ActiveCfg = Debug|Any CPU
		{44230713-3F72-4DD9-AF39-629416F81DD2}.Debug|Any CPU.Build.0 = Debug|Any CPU
		{44230713-3F72-4DD9-AF39-629416F81DD2}.Release|Any CPU.ActiveCfg = Release|Any CPU
		{44230713-3F72-4DD9-AF39-629416F81DD2}.Release|Any CPU.Build.0 = Release|Any CPU
	EndGlobalSection
	GlobalSection(SolutionProperties) = preSolution
		HideSolutionNode = FALSE
	EndGlobalSection
	GlobalSection(ExtensibilityGlobals) = postSolution
		SolutionGuid = {21CAEAB5-8538-45AA-9C8B-1311E5C2B951}
	EndGlobalSection
EndGlobal
